
Microsoft Visual Studio Solution File, Format Version 12.00
# Visual Studio Version 17
VisualStudioVersion = 17.2.32519.379
MinimumVisualStudioVersion = 10.0.40219.1
Project("{FAE04EC0-301F-11D3-BF4B-00C04F79EFBC}") = "GuessNumber", "GuessNumber\GuessNumber.csproj", "{43FC8FF7-7200-47C6-A2AE-B4A4FA97CA81}"
EndProject
Global
	GlobalSection(SolutionConfigurationPlatforms) = preSolution
		Debug|Any CPU = Debug|Any CPU
		Release|Any CPU = Release|Any CPU
	EndGlobalSection
	GlobalSection(ProjectConfigurationPlatforms) = postSolution
		{43FC8FF7-7200-47C6-A2AE-B4A4FA97CA81}.Debug|Any CPU.ActiveCfg = Debug|Any CPU
		{43FC8FF7-7200-47C6-A2AE-B4A4FA97CA81}.Debug|Any CPU.Build.0 = Debug|Any CPU
		{43FC8FF7-7200-47C6-A2AE-B4A4FA97CA81}.Release|Any CPU.ActiveCfg = Release|Any CPU
		{43FC8FF7-7200-47C6-A2AE-B4A4FA97CA81}.Release|Any CPU.Build.0 = Release|Any CPU
	EndGlobalSection
	GlobalSection(SolutionProperties) = preSolution
		HideSolutionNode = FALSE
	EndGlobalSection
	GlobalSection(ExtensibilityGlobals) = postSolution
		SolutionGuid = {DC12CFB4-09FD-4A5B-A586-973C8B52068E}
	EndGlobalSection
EndGlobal
